
Microsoft Visual Studio Solution File, Format Version 12.00
# Visual Studio Version 16
VisualStudioVersion = 16.0.30011.22
MinimumVisualStudioVersion = 10.0.40219.1
Project("{FAE04EC0-301F-11D3-BF4B-00C04F79EFBC}") = "2labagraphics", "2labagraphics\2labagraphics.csproj", "{11D69A1C-590C-4462-AD73-6F0FD25BE680}"
EndProject
Global
	GlobalSection(SolutionConfigurationPlatforms) = preSolution
		Debug|Any CPU = Debug|Any CPU
		Release|Any CPU = Release|Any CPU
	EndGlobalSection
	GlobalSection(ProjectConfigurationPlatforms) = postSolution
		{11D69A1C-590C-4462-AD73-6F0FD25BE680}.Debug|Any CPU.ActiveCfg = Debug|Any CPU
		{11D69A1C-590C-4462-AD73-6F0FD25BE680}.Debug|Any CPU.Build.0 = Debug|Any CPU
		{11D69A1C-590C-4462-AD73-6F0FD25BE680}.Release|Any CPU.ActiveCfg = Release|Any CPU
		{11D69A1C-590C-4462-AD73-6F0FD25BE680}.Release|Any CPU.Build.0 = Release|Any CPU
	EndGlobalSection
	GlobalSection(SolutionProperties) = preSolution
		HideSolutionNode = FALSE
	EndGlobalSection
	GlobalSection(ExtensibilityGlobals) = postSolution
		SolutionGuid = {479D257C-6726-45D9-9184-3711D32FEDD9}
	EndGlobalSection
EndGlobal
