
Microsoft Visual Studio Solution File, Format Version 12.00
# Visual Studio Version 16
VisualStudioVersion = 16.0.30011.22
MinimumVisualStudioVersion = 10.0.40219.1
Project("{FAE04EC0-301F-11D3-BF4B-00C04F79EFBC}") = "2l_2Csharp", "2l_2Csharp\2l_2Csharp.csproj", "{425973E8-E904-4D10-83A0-F0E6EA057875}"
EndProject
Global
	GlobalSection(SolutionConfigurationPlatforms) = preSolution
		Debug|Any CPU = Debug|Any CPU
		Release|Any CPU = Release|Any CPU
	EndGlobalSection
	GlobalSection(ProjectConfigurationPlatforms) = postSolution
		{425973E8-E904-4D10-83A0-F0E6EA057875}.Debug|Any CPU.ActiveCfg = Debug|Any CPU
		{425973E8-E904-4D10-83A0-F0E6EA057875}.Debug|Any CPU.Build.0 = Debug|Any CPU
		{425973E8-E904-4D10-83A0-F0E6EA057875}.Release|Any CPU.ActiveCfg = Release|Any CPU
		{425973E8-E904-4D10-83A0-F0E6EA057875}.Release|Any CPU.Build.0 = Release|Any CPU
	EndGlobalSection
	GlobalSection(SolutionProperties) = preSolution
		HideSolutionNode = FALSE
	EndGlobalSection
	GlobalSection(ExtensibilityGlobals) = postSolution
		SolutionGuid = {A7855FED-33D3-46E3-96EE-312827FBB8C8}
	EndGlobalSection
EndGlobal
