
Microsoft Visual Studio Solution File, Format Version 12.00
# Visual Studio Version 16
VisualStudioVersion = 16.0.29806.167
MinimumVisualStudioVersion = 10.0.40219.1
Project("{8BC9CEB8-8B4A-11D0-8D11-00A0C91BC942}") = "4laba_l", "4laba_l\4laba_l.vcxproj", "{789D520D-5042-49FC-A337-648FE8CDABBD}"
EndProject
Global
	GlobalSection(SolutionConfigurationPlatforms) = preSolution
		Debug|x64 = Debug|x64
		Debug|x86 = Debug|x86
		Release|x64 = Release|x64
		Release|x86 = Release|x86
	EndGlobalSection
	GlobalSection(ProjectConfigurationPlatforms) = postSolution
		{789D520D-5042-49FC-A337-648FE8CDABBD}.Debug|x64.ActiveCfg = Debug|x64
		{789D520D-5042-49FC-A337-648FE8CDABBD}.Debug|x64.Build.0 = Debug|x64
		{789D520D-5042-49FC-A337-648FE8CDABBD}.Debug|x86.ActiveCfg = Debug|Win32
		{789D520D-5042-49FC-A337-648FE8CDABBD}.Debug|x86.Build.0 = Debug|Win32
		{789D520D-5042-49FC-A337-648FE8CDABBD}.Release|x64.ActiveCfg = Release|x64
		{789D520D-5042-49FC-A337-648FE8CDABBD}.Release|x64.Build.0 = Release|x64
		{789D520D-5042-49FC-A337-648FE8CDABBD}.Release|x86.ActiveCfg = Release|Win32
		{789D520D-5042-49FC-A337-648FE8CDABBD}.Release|x86.Build.0 = Release|Win32
	EndGlobalSection
	GlobalSection(SolutionProperties) = preSolution
		HideSolutionNode = FALSE
	EndGlobalSection
	GlobalSection(ExtensibilityGlobals) = postSolution
		SolutionGuid = {D6C4EF1D-81E4-4F4A-B2AF-AB1FEBE496AC}
	EndGlobalSection
EndGlobal
