
Microsoft Visual Studio Solution File, Format Version 12.00
# Visual Studio Version 16
VisualStudioVersion = 16.0.31105.61
MinimumVisualStudioVersion = 10.0.40219.1
Project("{8BC9CEB8-8B4A-11D0-8D11-00A0C91BC942}") = "Task11", "Task11\Task11.vcxproj", "{469B40BC-6997-48BA-9F4E-E83BF2929CBC}"
EndProject
Global
	GlobalSection(SolutionConfigurationPlatforms) = preSolution
		Debug|x64 = Debug|x64
		Debug|x86 = Debug|x86
		Release|x64 = Release|x64
		Release|x86 = Release|x86
	EndGlobalSection
	GlobalSection(ProjectConfigurationPlatforms) = postSolution
		{469B40BC-6997-48BA-9F4E-E83BF2929CBC}.Debug|x64.ActiveCfg = Debug|x64
		{469B40BC-6997-48BA-9F4E-E83BF2929CBC}.Debug|x64.Build.0 = Debug|x64
		{469B40BC-6997-48BA-9F4E-E83BF2929CBC}.Debug|x86.ActiveCfg = Debug|Win32
		{469B40BC-6997-48BA-9F4E-E83BF2929CBC}.Debug|x86.Build.0 = Debug|Win32
		{469B40BC-6997-48BA-9F4E-E83BF2929CBC}.Release|x64.ActiveCfg = Release|x64
		{469B40BC-6997-48BA-9F4E-E83BF2929CBC}.Release|x64.Build.0 = Release|x64
		{469B40BC-6997-48BA-9F4E-E83BF2929CBC}.Release|x86.ActiveCfg = Release|Win32
		{469B40BC-6997-48BA-9F4E-E83BF2929CBC}.Release|x86.Build.0 = Release|Win32
	EndGlobalSection
	GlobalSection(SolutionProperties) = preSolution
		HideSolutionNode = FALSE
	EndGlobalSection
	GlobalSection(ExtensibilityGlobals) = postSolution
		SolutionGuid = {32A7D290-C8FA-4D80-9CA9-DCBEBEA5C706}
	EndGlobalSection
EndGlobal
