
Microsoft Visual Studio Solution File, Format Version 12.00
# Visual Studio Version 16
VisualStudioVersion = 16.0.30011.22
MinimumVisualStudioVersion = 10.0.40219.1
Project("{FAE04EC0-301F-11D3-BF4B-00C04F79EFBC}") = "1labagarphics(sawa)", "1labagarphics(sawa)\1labagarphics(sawa).csproj", "{9703A6C6-77BE-4FDD-BBA5-AD14DACB1C79}"
EndProject
Global
	GlobalSection(SolutionConfigurationPlatforms) = preSolution
		Debug|Any CPU = Debug|Any CPU
		Release|Any CPU = Release|Any CPU
	EndGlobalSection
	GlobalSection(ProjectConfigurationPlatforms) = postSolution
		{9703A6C6-77BE-4FDD-BBA5-AD14DACB1C79}.Debug|Any CPU.ActiveCfg = Debug|Any CPU
		{9703A6C6-77BE-4FDD-BBA5-AD14DACB1C79}.Debug|Any CPU.Build.0 = Debug|Any CPU
		{9703A6C6-77BE-4FDD-BBA5-AD14DACB1C79}.Release|Any CPU.ActiveCfg = Release|Any CPU
		{9703A6C6-77BE-4FDD-BBA5-AD14DACB1C79}.Release|Any CPU.Build.0 = Release|Any CPU
	EndGlobalSection
	GlobalSection(SolutionProperties) = preSolution
		HideSolutionNode = FALSE
	EndGlobalSection
	GlobalSection(ExtensibilityGlobals) = postSolution
		SolutionGuid = {D43AB943-C3F3-4854-809F-544079D5F3A8}
	EndGlobalSection
EndGlobal
