
Microsoft Visual Studio Solution File, Format Version 12.00
# Visual Studio Version 16
VisualStudioVersion = 16.0.30011.22
MinimumVisualStudioVersion = 10.0.40219.1
Project("{FAE04EC0-301F-11D3-BF4B-00C04F79EFBC}") = "3 laba", "3 laba\3 laba.csproj", "{FFCAC8E2-C5D0-4BEE-9CF2-B5B300CA7985}"
EndProject
Global
	GlobalSection(SolutionConfigurationPlatforms) = preSolution
		Debug|Any CPU = Debug|Any CPU
		Release|Any CPU = Release|Any CPU
	EndGlobalSection
	GlobalSection(ProjectConfigurationPlatforms) = postSolution
		{FFCAC8E2-C5D0-4BEE-9CF2-B5B300CA7985}.Debug|Any CPU.ActiveCfg = Debug|Any CPU
		{FFCAC8E2-C5D0-4BEE-9CF2-B5B300CA7985}.Debug|Any CPU.Build.0 = Debug|Any CPU
		{FFCAC8E2-C5D0-4BEE-9CF2-B5B300CA7985}.Release|Any CPU.ActiveCfg = Release|Any CPU
		{FFCAC8E2-C5D0-4BEE-9CF2-B5B300CA7985}.Release|Any CPU.Build.0 = Release|Any CPU
	EndGlobalSection
	GlobalSection(SolutionProperties) = preSolution
		HideSolutionNode = FALSE
	EndGlobalSection
	GlobalSection(ExtensibilityGlobals) = postSolution
		SolutionGuid = {1255630A-9923-4F85-9C3A-0DBCD9F4385D}
	EndGlobalSection
EndGlobal
