
Microsoft Visual Studio Solution File, Format Version 12.00
# Visual Studio Version 16
VisualStudioVersion = 16.0.29215.179
MinimumVisualStudioVersion = 10.0.40219.1
Project("{8BC9CEB8-8B4A-11D0-8D11-00A0C91BC942}") = "laba1", "laba1\laba1.vcxproj", "{B3207C29-8C55-4ADF-B2C1-02DA91446B2B}"
EndProject
Global
	GlobalSection(SolutionConfigurationPlatforms) = preSolution
		Debug|x64 = Debug|x64
		Debug|x86 = Debug|x86
		Release|x64 = Release|x64
		Release|x86 = Release|x86
	EndGlobalSection
	GlobalSection(ProjectConfigurationPlatforms) = postSolution
		{B3207C29-8C55-4ADF-B2C1-02DA91446B2B}.Debug|x64.ActiveCfg = Debug|x64
		{B3207C29-8C55-4ADF-B2C1-02DA91446B2B}.Debug|x64.Build.0 = Debug|x64
		{B3207C29-8C55-4ADF-B2C1-02DA91446B2B}.Debug|x86.ActiveCfg = Debug|Win32
		{B3207C29-8C55-4ADF-B2C1-02DA91446B2B}.Debug|x86.Build.0 = Debug|Win32
		{B3207C29-8C55-4ADF-B2C1-02DA91446B2B}.Release|x64.ActiveCfg = Release|x64
		{B3207C29-8C55-4ADF-B2C1-02DA91446B2B}.Release|x64.Build.0 = Release|x64
		{B3207C29-8C55-4ADF-B2C1-02DA91446B2B}.Release|x86.ActiveCfg = Release|Win32
		{B3207C29-8C55-4ADF-B2C1-02DA91446B2B}.Release|x86.Build.0 = Release|Win32
	EndGlobalSection
	GlobalSection(SolutionProperties) = preSolution
		HideSolutionNode = FALSE
	EndGlobalSection
	GlobalSection(ExtensibilityGlobals) = postSolution
		SolutionGuid = {F8078D46-0C06-4BE2-ADEA-B5C8283500F3}
	EndGlobalSection
EndGlobal
