
Microsoft Visual Studio Solution File, Format Version 12.00
# Visual Studio Version 16
VisualStudioVersion = 16.0.30011.22
MinimumVisualStudioVersion = 10.0.40219.1
Project("{FAE04EC0-301F-11D3-BF4B-00C04F79EFBC}") = "WindowsFormsApp0_new", "WindowsFormsApp0_new\WindowsFormsApp0_new.csproj", "{369118A1-EDF6-42DB-B812-40EDAD7DD447}"
EndProject
Global
	GlobalSection(SolutionConfigurationPlatforms) = preSolution
		Debug|Any CPU = Debug|Any CPU
		Release|Any CPU = Release|Any CPU
	EndGlobalSection
	GlobalSection(ProjectConfigurationPlatforms) = postSolution
		{369118A1-EDF6-42DB-B812-40EDAD7DD447}.Debug|Any CPU.ActiveCfg = Debug|Any CPU
		{369118A1-EDF6-42DB-B812-40EDAD7DD447}.Debug|Any CPU.Build.0 = Debug|Any CPU
		{369118A1-EDF6-42DB-B812-40EDAD7DD447}.Release|Any CPU.ActiveCfg = Release|Any CPU
		{369118A1-EDF6-42DB-B812-40EDAD7DD447}.Release|Any CPU.Build.0 = Release|Any CPU
	EndGlobalSection
	GlobalSection(SolutionProperties) = preSolution
		HideSolutionNode = FALSE
	EndGlobalSection
	GlobalSection(ExtensibilityGlobals) = postSolution
		SolutionGuid = {99B8D315-55D0-4DE9-A7B6-CDD7D1A5F703}
	EndGlobalSection
EndGlobal
