
Microsoft Visual Studio Solution File, Format Version 12.00
# Visual Studio Version 16
VisualStudioVersion = 16.0.29215.179
MinimumVisualStudioVersion = 10.0.40219.1
Project("{8BC9CEB8-8B4A-11D0-8D11-00A0C91BC942}") = "SR", "SR\SR.vcxproj", "{EAF58F1F-A3BD-4E0A-B29F-73E654F36B79}"
EndProject
Global
	GlobalSection(SolutionConfigurationPlatforms) = preSolution
		Debug|x64 = Debug|x64
		Debug|x86 = Debug|x86
		Release|x64 = Release|x64
		Release|x86 = Release|x86
	EndGlobalSection
	GlobalSection(ProjectConfigurationPlatforms) = postSolution
		{EAF58F1F-A3BD-4E0A-B29F-73E654F36B79}.Debug|x64.ActiveCfg = Debug|x64
		{EAF58F1F-A3BD-4E0A-B29F-73E654F36B79}.Debug|x64.Build.0 = Debug|x64
		{EAF58F1F-A3BD-4E0A-B29F-73E654F36B79}.Debug|x86.ActiveCfg = Debug|Win32
		{EAF58F1F-A3BD-4E0A-B29F-73E654F36B79}.Debug|x86.Build.0 = Debug|Win32
		{EAF58F1F-A3BD-4E0A-B29F-73E654F36B79}.Release|x64.ActiveCfg = Release|x64
		{EAF58F1F-A3BD-4E0A-B29F-73E654F36B79}.Release|x64.Build.0 = Release|x64
		{EAF58F1F-A3BD-4E0A-B29F-73E654F36B79}.Release|x86.ActiveCfg = Release|Win32
		{EAF58F1F-A3BD-4E0A-B29F-73E654F36B79}.Release|x86.Build.0 = Release|Win32
	EndGlobalSection
	GlobalSection(SolutionProperties) = preSolution
		HideSolutionNode = FALSE
	EndGlobalSection
	GlobalSection(ExtensibilityGlobals) = postSolution
		SolutionGuid = {E350A64A-AB1D-45D0-B1E9-67234845E29E}
	EndGlobalSection
EndGlobal
